// !$*UTF8*$!
{
	archiveVersion = 1;
	classes = {
	};
	objectVersion = 46;
	objects = {

/* Begin PBXBuildFile section */
		010525571E70D9CE00E92C95 /* AppDelegate.swift in Sources */ = {isa = PBXBuildFile; fileRef = 010525561E70D9CE00E92C95 /* AppDelegate.swift */; };
		010525591E70D9CE00E92C95 /* ViewController.swift in Sources */ = {isa = PBXBuildFile; fileRef = 010525581E70D9CE00E92C95 /* ViewController.swift */; };
		0105255C1E70D9CE00E92C95 /* Main.storyboard in Resources */ = {isa = PBXBuildFile; fileRef = 0105255A1E70D9CE00E92C95 /* Main.storyboard */; };
		0105255E1E70D9CE00E92C95 /* Assets.xcassets in Resources */ = {isa = PBXBuildFile; fileRef = 0105255D1E70D9CE00E92C95 /* Assets.xcassets */; };
		010525611E70D9CE00E92C95 /* LaunchScreen.storyboard in Resources */ = {isa = PBXBuildFile; fileRef = 0105255F1E70D9CE00E92C95 /* LaunchScreen.storyboard */; };
		0105256C1E70D9CE00E92C95 /* Project39Tests.swift in Sources */ = {isa = PBXBuildFile; fileRef = 0105256B1E70D9CE00E92C95 /* Project39Tests.swift */; };
		010525771E70D9CE00E92C95 /* Project39UITests.swift in Sources */ = {isa = PBXBuildFile; fileRef = 010525761E70D9CE00E92C95 /* Project39UITests.swift */; };
		010525851E70DA2400E92C95 /* plays.txt in Resources */ = {isa = PBXBuildFile; fileRef = 010525841E70DA2400E92C95 /* plays.txt */; };
		010525871E70DB1F00E92C95 /* PlayData.swift in Sources */ = {isa = PBXBuildFile; fileRef = 010525861E70DB1F00E92C95 /* PlayData.swift */; };
		010525881E70DE0800E92C95 /* PlayData.swift in Sources */ = {isa = PBXBuildFile; fileRef = 010525861E70DB1F00E92C95 /* PlayData.swift */; };
/* End PBXBuildFile section */

/* Begin PBXContainerItemProxy section */
		010525681E70D9CE00E92C95 /* PBXContainerItemProxy */ = {
			isa = PBXContainerItemProxy;
			containerPortal = 0105254B1E70D9CD00E92C95 /* Project object */;
			proxyType = 1;
			remoteGlobalIDString = 010525521E70D9CE00E92C95;
			remoteInfo = Project39;
		};
		010525731E70D9CE00E92C95 /* PBXContainerItemProxy */ = {
			isa = PBXContainerItemProxy;
			containerPortal = 0105254B1E70D9CD00E92C95 /* Project object */;
			proxyType = 1;
			remoteGlobalIDString = 010525521E70D9CE00E92C95;
			remoteInfo = Project39;
		};
/* End PBXContainerItemProxy section */

/* Begin PBXFileReference section */
		010525531E70D9CE00E92C95 /* Project39.app */ = {isa = PBXFileReference; explicitFileType = wrapper.application; includeInIndex = 0; path = Project39.app; sourceTree = BUILT_PRODUCTS_DIR; };
		010525561E70D9CE00E92C95 /* AppDelegate.swift */ = {isa = PBXFileReference; lastKnownFileType = sourcecode.swift; path = AppDelegate.swift; sourceTree = "<group>"; };
		010525581E70D9CE00E92C95 /* ViewController.swift */ = {isa = PBXFileReference; lastKnownFileType = sourcecode.swift; path = ViewController.swift; sourceTree = "<group>"; };
		0105255B1E70D9CE00E92C95 /* Base */ = {isa = PBXFileReference; lastKnownFileType = file.storyboard; name = Base; path = Base.lproj/Main.storyboard; sourceTree = "<group>"; };
		0105255D1E70D9CE00E92C95 /* Assets.xcassets */ = {isa = PBXFileReference; lastKnownFileType = folder.assetcatalog; path = Assets.xcassets; sourceTree = "<group>"; };
		010525601E70D9CE00E92C95 /* Base */ = {isa = PBXFileReference; lastKnownFileType = file.storyboard; name = Base; path = Base.lproj/LaunchScreen.storyboard; sourceTree = "<group>"; };
		010525621E70D9CE00E92C95 /* Info.plist */ = {isa = PBXFileReference; lastKnownFileType = text.plist.xml; path = Info.plist; sourceTree = "<group>"; };
		010525671E70D9CE00E92C95 /* Project39Tests.xctest */ = {isa = PBXFileReference; explicitFileType = wrapper.cfbundle; includeInIndex = 0; path = Project39Tests.xctest; sourceTree = BUILT_PRODUCTS_DIR; };
		0105256B1E70D9CE00E92C95 /* Project39Tests.swift */ = {isa = PBXFileReference; lastKnownFileType = sourcecode.swift; path = Project39Tests.swift; sourceTree = "<group>"; };
		0105256D1E70D9CE00E92C95 /* Info.plist */ = {isa = PBXFileReference; lastKnownFileType = text.plist.xml; path = Info.plist; sourceTree = "<group>"; };
		010525721E70D9CE00E92C95 /* Project39UITests.xctest */ = {isa = PBXFileReference; explicitFileType = wrapper.cfbundle; includeInIndex = 0; path = Project39UITests.xctest; sourceTree = BUILT_PRODUCTS_DIR; };
		010525761E70D9CE00E92C95 /* Project39UITests.swift */ = {isa = PBXFileReference; lastKnownFileType = sourcecode.swift; path = Project39UITests.swift; sourceTree = "<group>"; };
		010525781E70D9CF00E92C95 /* Info.plist */ = {isa = PBXFileReference; lastKnownFileType = text.plist.xml; path = Info.plist; sourceTree = "<group>"; };
		010525841E70DA2400E92C95 /* plays.txt */ = {isa = PBXFileReference; fileEncoding = 4; lastKnownFileType = text; path = plays.txt; sourceTree = "<group>"; };
		010525861E70DB1F00E92C95 /* PlayData.swift */ = {isa = PBXFileReference; fileEncoding = 4; lastKnownFileType = sourcecode.swift; path = PlayData.swift; sourceTree = "<group>"; };
/* End PBXFileReference section */

/* Begin PBXFrameworksBuildPhase section */
		010525501E70D9CE00E92C95 /* Frameworks */ = {
			isa = PBXFrameworksBuildPhase;
			buildActionMask = 2147483647;
			files = (
			);
			runOnlyForDeploymentPostprocessing = 0;
		};
		010525641E70D9CE00E92C95 /* Frameworks */ = {
			isa = PBXFrameworksBuildPhase;
			buildActionMask = 2147483647;
			files = (
			);
			runOnlyForDeploymentPostprocessing = 0;
		};
		0105256F1E70D9CE00E92C95 /* Frameworks */ = {
			isa = PBXFrameworksBuildPhase;
			buildActionMask = 2147483647;
			files = (
			);
			runOnlyForDeploymentPostprocessing = 0;
		};
/* End PBXFrameworksBuildPhase section */

/* Begin PBXGroup section */
		0105254A1E70D9CD00E92C95 = {
			isa = PBXGroup;
			children = (
				010525551E70D9CE00E92C95 /* Project39 */,
				0105256A1E70D9CE00E92C95 /* Project39Tests */,
				010525751E70D9CE00E92C95 /* Project39UITests */,
				010525541E70D9CE00E92C95 /* Products */,
			);
			sourceTree = "<group>";
		};
		010525541E70D9CE00E92C95 /* Products */ = {
			isa = PBXGroup;
			children = (
				010525531E70D9CE00E92C95 /* Project39.app */,
				010525671E70D9CE00E92C95 /* Project39Tests.xctest */,
				010525721E70D9CE00E92C95 /* Project39UITests.xctest */,
			);
			name = Products;
			sourceTree = "<group>";
		};
		010525551E70D9CE00E92C95 /* Project39 */ = {
			isa = PBXGroup;
			children = (
				010525561E70D9CE00E92C95 /* AppDelegate.swift */,
				010525581E70D9CE00E92C95 /* ViewController.swift */,
				010525861E70DB1F00E92C95 /* PlayData.swift */,
				0105255A1E70D9CE00E92C95 /* Main.storyboard */,
				0105255D1E70D9CE00E92C95 /* Assets.xcassets */,
				010525841E70DA2400E92C95 /* plays.txt */,
				0105255F1E70D9CE00E92C95 /* LaunchScreen.storyboard */,
				010525621E70D9CE00E92C95 /* Info.plist */,
			);
			path = Project39;
			sourceTree = "<group>";
		};
		0105256A1E70D9CE00E92C95 /* Project39Tests */ = {
			isa = PBXGroup;
			children = (
				0105256B1E70D9CE00E92C95 /* Project39Tests.swift */,
				0105256D1E70D9CE00E92C95 /* Info.plist */,
			);
			path = Project39Tests;
			sourceTree = "<group>";
		};
		010525751E70D9CE00E92C95 /* Project39UITests */ = {
			isa = PBXGroup;
			children = (
				010525761E70D9CE00E92C95 /* Project39UITests.swift */,
				010525781E70D9CF00E92C95 /* Info.plist */,
			);
			path = Project39UITests;
			sourceTree = "<group>";
		};
/* End PBXGroup section */

/* Begin PBXNativeTarget section */
		010525521E70D9CE00E92C95 /* Project39 */ = {
			isa = PBXNativeTarget;
			buildConfigurationList = 0105257B1E70D9CF00E92C95 /* Build configuration list for PBXNativeTarget "Project39" */;
			buildPhases = (
				0105254F1E70D9CE00E92C95 /* Sources */,
				010525501E70D9CE00E92C95 /* Frameworks */,
				010525511E70D9CE00E92C95 /* Resources */,
			);
			buildRules = (
			);
			dependencies = (
			);
			name = Project39;
			productName = Project39;
			productReference = 010525531E70D9CE00E92C95 /* Project39.app */;
			productType = "com.apple.product-type.application";
		};
		010525661E70D9CE00E92C95 /* Project39Tests */ = {
			isa = PBXNativeTarget;
			buildConfigurationList = 0105257E1E70D9CF00E92C95 /* Build configuration list for PBXNativeTarget "Project39Tests" */;
			buildPhases = (
				010525631E70D9CE00E92C95 /* Sources */,
				010525641E70D9CE00E92C95 /* Frameworks */,
				010525651E70D9CE00E92C95 /* Resources */,
			);
			buildRules = (
			);
			dependencies = (
				010525691E70D9CE00E92C95 /* PBXTargetDependency */,
			);
			name = Project39Tests;
			productName = Project39Tests;
			productReference = 010525671E70D9CE00E92C95 /* Project39Tests.xctest */;
			productType = "com.apple.product-type.bundle.unit-test";
		};
		010525711E70D9CE00E92C95 /* Project39UITests */ = {
			isa = PBXNativeTarget;
			buildConfigurationList = 010525811E70D9CF00E92C95 /* Build configuration list for PBXNativeTarget "Project39UITests" */;
			buildPhases = (
				0105256E1E70D9CE00E92C95 /* Sources */,
				0105256F1E70D9CE00E92C95 /* Frameworks */,
				010525701E70D9CE00E92C95 /* Resources */,
			);
			buildRules = (
			);
			dependencies = (
				010525741E70D9CE00E92C95 /* PBXTargetDependency */,
			);
			name = Project39UITests;
			productName = Project39UITests;
			productReference = 010525721E70D9CE00E92C95 /* Project39UITests.xctest */;
			productType = "com.apple.product-type.bundle.ui-testing";
		};
/* End PBXNativeTarget section */

/* Begin PBXProject section */
		0105254B1E70D9CD00E92C95 /* Project object */ = {
			isa = PBXProject;
			attributes = {
				LastSwiftUpdateCheck = 0820;
				LastUpgradeCheck = 0820;
				ORGANIZATIONNAME = MelissaGarrett;
				TargetAttributes = {
					010525521E70D9CE00E92C95 = {
						CreatedOnToolsVersion = 8.2.1;
						DevelopmentTeam = DG4WJC99E5;
						ProvisioningStyle = Automatic;
					};
					010525661E70D9CE00E92C95 = {
						CreatedOnToolsVersion = 8.2.1;
						DevelopmentTeam = DG4WJC99E5;
						ProvisioningStyle = Automatic;
						TestTargetID = 010525521E70D9CE00E92C95;
					};
					010525711E70D9CE00E92C95 = {
						CreatedOnToolsVersion = 8.2.1;
						DevelopmentTeam = DG4WJC99E5;
						ProvisioningStyle = Automatic;
						TestTargetID = 010525521E70D9CE00E92C95;
					};
				};
			};
			buildConfigurationList = 0105254E1E70D9CD00E92C95 /* Build configuration list for PBXProject "Project39" */;
			compatibilityVersion = "Xcode 3.2";
			developmentRegion = English;
			hasScannedForEncodings = 0;
			knownRegions = (
				en,
				Base,
			);
			mainGroup = 0105254A1E70D9CD00E92C95;
			productRefGroup = 010525541E70D9CE00E92C95 /* Products */;
			projectDirPath = "";
			projectRoot = "";
			targets = (
				010525521E70D9CE00E92C95 /* Project39 */,
				010525661E70D9CE00E92C95 /* Project39Tests */,
				010525711E70D9CE00E92C95 /* Project39UITests */,
			);
		};
/* End PBXProject section */

/* Begin PBXResourcesBuildPhase section */
		010525511E70D9CE00E92C95 /* Resources */ = {
			isa = PBXResourcesBuildPhase;
			buildActionMask = 2147483647;
			files = (
				010525851E70DA2400E92C95 /* plays.txt in Resources */,
				010525611E70D9CE00E92C95 /* LaunchScreen.storyboard in Resources */,
				0105255E1E70D9CE00E92C95 /* Assets.xcassets in Resources */,
				0105255C1E70D9CE00E92C95 /* Main.storyboard in Resources */,
			);
			runOnlyForDeploymentPostprocessing = 0;
		};
		010525651E70D9CE00E92C95 /* Resources */ = {
			isa = PBXResourcesBuildPhase;
			buildActionMask = 2147483647;
			files = (
			);
			runOnlyForDeploymentPostprocessing = 0;
		};
		010525701E70D9CE00E92C95 /* Resources */ = {
			isa = PBXResourcesBuildPhase;
			buildActionMask = 2147483647;
			files = (
			);
			runOnlyForDeploymentPostprocessing = 0;
		};
/* End PBXResourcesBuildPhase section */

/* Begin PBXSourcesBuildPhase section */
		0105254F1E70D9CE00E92C95 /* Sources */ = {
			isa = PBXSourcesBuildPhase;
			buildActionMask = 2147483647;
			files = (
				010525871E70DB1F00E92C95 /* PlayData.swift in Sources */,
				010525591E70D9CE00E92C95 /* ViewController.swift in Sources */,
				010525571E70D9CE00E92C95 /* AppDelegate.swift in Sources */,
			);
			runOnlyForDeploymentPostprocessing = 0;
		};
		010525631E70D9CE00E92C95 /* Sources */ = {
			isa = PBXSourcesBuildPhase;
			buildActionMask = 2147483647;
			files = (
				0105256C1E70D9CE00E92C95 /* Project39Tests.swift in Sources */,
				010525881E70DE0800E92C95 /* PlayData.swift in Sources */,
			);
			runOnlyForDeploymentPostprocessing = 0;
		};
		0105256E1E70D9CE00E92C95 /* Sources */ = {
			isa = PBXSourcesBuildPhase;
			buildActionMask = 2147483647;
			files = (
				010525771E70D9CE00E92C95 /* Project39UITests.swift in Sources */,
			);
			runOnlyForDeploymentPostprocessing = 0;
		};
/* End PBXSourcesBuildPhase section */

/* Begin PBXTargetDependency section */
		010525691E70D9CE00E92C95 /* PBXTargetDependency */ = {
			isa = PBXTargetDependency;
			target = 010525521E70D9CE00E92C95 /* Project39 */;
			targetProxy = 010525681E70D9CE00E92C95 /* PBXContainerItemProxy */;
		};
		010525741E70D9CE00E92C95 /* PBXTargetDependency */ = {
			isa = PBXTargetDependency;
			target = 010525521E70D9CE00E92C95 /* Project39 */;
			targetProxy = 010525731E70D9CE00E92C95 /* PBXContainerItemProxy */;
		};
/* End PBXTargetDependency section */

/* Begin PBXVariantGroup section */
		0105255A1E70D9CE00E92C95 /* Main.storyboard */ = {
			isa = PBXVariantGroup;
			children = (
				0105255B1E70D9CE00E92C95 /* Base */,
			);
			name = Main.storyboard;
			sourceTree = "<group>";
		};
		0105255F1E70D9CE00E92C95 /* LaunchScreen.storyboard */ = {
			isa = PBXVariantGroup;
			children = (
				010525601E70D9CE00E92C95 /* Base */,
			);
			name = LaunchScreen.storyboard;
			sourceTree = "<group>";
		};
/* End PBXVariantGroup section */

/* Begin XCBuildConfiguration section */
		010525791E70D9CF00E92C95 /* Debug */ = {
			isa = XCBuildConfiguration;
			buildSettings = {
				ALWAYS_SEARCH_USER_PATHS = NO;
				CLANG_ANALYZER_NONNULL = YES;
				CLANG_CXX_LANGUAGE_STANDARD = "gnu++0x";
				CLANG_CXX_LIBRARY = "libc++";
				CLANG_ENABLE_MODULES = YES;
				CLANG_ENABLE_OBJC_ARC = YES;
				CLANG_WARN_BOOL_CONVERSION = YES;
				CLANG_WARN_CONSTANT_CONVERSION = YES;
				CLANG_WARN_DIRECT_OBJC_ISA_USAGE = YES_ERROR;
				CLANG_WARN_DOCUMENTATION_COMMENTS = YES;
				CLANG_WARN_EMPTY_BODY = YES;
				CLANG_WARN_ENUM_CONVERSION = YES;
				CLANG_WARN_INFINITE_RECURSION = YES;
				CLANG_WARN_INT_CONVERSION = YES;
				CLANG_WARN_OBJC_ROOT_CLASS = YES_ERROR;
				CLANG_WARN_SUSPICIOUS_MOVE = YES;
				CLANG_WARN_UNREACHABLE_CODE = YES;
				CLANG_WARN__DUPLICATE_METHOD_MATCH = YES;
				"CODE_SIGN_IDENTITY[sdk=iphoneos*]" = "iPhone Developer";
				COPY_PHASE_STRIP = NO;
				DEBUG_INFORMATION_FORMAT = dwarf;
				ENABLE_STRICT_OBJC_MSGSEND = YES;
				ENABLE_TESTABILITY = YES;
				GCC_C_LANGUAGE_STANDARD = gnu99;
				GCC_DYNAMIC_NO_PIC = NO;
				GCC_NO_COMMON_BLOCKS = YES;
				GCC_OPTIMIZATION_LEVEL = 0;
				GCC_PREPROCESSOR_DEFINITIONS = (
					"DEBUG=1",
					"$(inherited)",
				);
				GCC_WARN_64_TO_32_BIT_CONVERSION = YES;
				GCC_WARN_ABOUT_RETURN_TYPE = YES_ERROR;
				GCC_WARN_UNDECLARED_SELECTOR = YES;
				GCC_WARN_UNINITIALIZED_AUTOS = YES_AGGRESSIVE;
				GCC_WARN_UNUSED_FUNCTION = YES;
				GCC_WARN_UNUSED_VARIABLE = YES;
				IPHONEOS_DEPLOYMENT_TARGET = 10.2;
				MTL_ENABLE_DEBUG_INFO = YES;
				ONLY_ACTIVE_ARCH = YES;
				SDKROOT = iphoneos;
				SWIFT_ACTIVE_COMPILATION_CONDITIONS = DEBUG;
				SWIFT_OPTIMIZATION_LEVEL = "-Onone";
				TARGETED_DEVICE_FAMILY = "1,2";
			};
			name = Debug;
		};
		0105257A1E70D9CF00E92C95 /* Release */ = {
			isa = XCBuildConfiguration;
			buildSettings = {
				ALWAYS_SEARCH_USER_PATHS = NO;
				CLANG_ANALYZER_NONNULL = YES;
				CLANG_CXX_LANGUAGE_STANDARD = "gnu++0x";
				CLANG_CXX_LIBRARY = "libc++";
				CLANG_ENABLE_MODULES = YES;
				CLANG_ENABLE_OBJC_ARC = YES;
				CLANG_WARN_BOOL_CONVERSION = YES;
				CLANG_WARN_CONSTANT_CONVERSION = YES;
				CLANG_WARN_DIRECT_OBJC_ISA_USAGE = YES_ERROR;
				CLANG_WARN_DOCUMENTATION_COMMENTS = YES;
				CLANG_WARN_EMPTY_BODY = YES;
				CLANG_WARN_ENUM_CONVERSION = YES;
				CLANG_WARN_INFINITE_RECURSION = YES;
				CLANG_WARN_INT_CONVERSION = YES;
				CLANG_WARN_OBJC_ROOT_CLASS = YES_ERROR;
				CLANG_WARN_SUSPICIOUS_MOVE = YES;
				CLANG_WARN_UNREACHABLE_CODE = YES;
				CLANG_WARN__DUPLICATE_METHOD_MATCH = YES;
				"CODE_SIGN_IDENTITY[sdk=iphoneos*]" = "iPhone Developer";
				COPY_PHASE_STRIP = NO;
				DEBUG_INFORMATION_FORMAT = "dwarf-with-dsym";
				ENABLE_NS_ASSERTIONS = NO;
				ENABLE_STRICT_OBJC_MSGSEND = YES;
				GCC_C_LANGUAGE_STANDARD = gnu99;
				GCC_NO_COMMON_BLOCKS = YES;
				GCC_WARN_64_TO_32_BIT_CONVERSION = YES;
				GCC_WARN_ABOUT_RETURN_TYPE = YES_ERROR;
				GCC_WARN_UNDECLARED_SELECTOR = YES;
				GCC_WARN_UNINITIALIZED_AUTOS = YES_AGGRESSIVE;
				GCC_WARN_UNUSED_FUNCTION = YES;
				GCC_WARN_UNUSED_VARIABLE = YES;
				IPHONEOS_DEPLOYMENT_TARGET = 10.2;
				MTL_ENABLE_DEBUG_INFO = NO;
				SDKROOT = iphoneos;
				SWIFT_OPTIMIZATION_LEVEL = "-Owholemodule";
				TARGETED_DEVICE_FAMILY = "1,2";
				VALIDATE_PRODUCT = YES;
			};
			name = Release;
		};
		0105257C1E70D9CF00E92C95 /* Debug */ = {
			isa = XCBuildConfiguration;
			buildSettings = {
				ASSETCATALOG_COMPILER_APPICON_NAME = AppIcon;
				DEVELOPMENT_TEAM = DG4WJC99E5;
				INFOPLIST_FILE = Project39/Info.plist;
				LD_RUNPATH_SEARCH_PATHS = "$(inherited) @executable_path/Frameworks";
				PRODUCT_BUNDLE_IDENTIFIER = com.melissagarrett.Project39;
				PRODUCT_NAME = "$(TARGET_NAME)";
				SWIFT_VERSION = 3.0;
			};
			name = Debug;
		};
		0105257D1E70D9CF00E92C95 /* Release */ = {
			isa = XCBuildConfiguration;
			buildSettings = {
				ASSETCATALOG_COMPILER_APPICON_NAME = AppIcon;
				DEVELOPMENT_TEAM = DG4WJC99E5;
				INFOPLIST_FILE = Project39/Info.plist;
				LD_RUNPATH_SEARCH_PATHS = "$(inherited) @executable_path/Frameworks";
				PRODUCT_BUNDLE_IDENTIFIER = com.melissagarrett.Project39;
				PRODUCT_NAME = "$(TARGET_NAME)";
				SWIFT_VERSION = 3.0;
			};
			name = Release;
		};
		0105257F1E70D9CF00E92C95 /* Debug */ = {
			isa = XCBuildConfiguration;
			buildSettings = {
				ALWAYS_EMBED_SWIFT_STANDARD_LIBRARIES = YES;
				BUNDLE_LOADER = "$(TEST_HOST)";
				DEVELOPMENT_TEAM = DG4WJC99E5;
				INFOPLIST_FILE = Project39Tests/Info.plist;
				LD_RUNPATH_SEARCH_PATHS = "$(inherited) @executable_path/Frameworks @loader_path/Frameworks";
				PRODUCT_BUNDLE_IDENTIFIER = com.melissagarrett.Project39Tests;
				PRODUCT_NAME = "$(TARGET_NAME)";
				SWIFT_VERSION = 3.0;
				TEST_HOST = "$(BUILT_PRODUCTS_DIR)/Project39.app/Project39";
			};
			name = Debug;
		};
		010525801E70D9CF00E92C95 /* Release */ = {
			isa = XCBuildConfiguration;
			buildSettings = {
				ALWAYS_EMBED_SWIFT_STANDARD_LIBRARIES = YES;
				BUNDLE_LOADER = "$(TEST_HOST)";
				DEVELOPMENT_TEAM = DG4WJC99E5;
				INFOPLIST_FILE = Project39Tests/Info.plist;
				LD_RUNPATH_SEARCH_PATHS = "$(inherited) @executable_path/Frameworks @loader_path/Frameworks";
				PRODUCT_BUNDLE_IDENTIFIER = com.melissagarrett.Project39Tests;
				PRODUCT_NAME = "$(TARGET_NAME)";
				SWIFT_VERSION = 3.0;
				TEST_HOST = "$(BUILT_PRODUCTS_DIR)/Project39.app/Project39";
			};
			name = Release;
		};
		010525821E70D9CF00E92C95 /* Debug */ = {
			isa = XCBuildConfiguration;
			buildSettings = {
				ALWAYS_EMBED_SWIFT_STANDARD_LIBRARIES = YES;
				DEVELOPMENT_TEAM = DG4WJC99E5;
				INFOPLIST_FILE = Project39UITests/Info.plist;
				LD_RUNPATH_SEARCH_PATHS = "$(inherited) @executable_path/Frameworks @loader_path/Frameworks";
				PRODUCT_BUNDLE_IDENTIFIER = com.melissagarrett.Project39UITests;
				PRODUCT_NAME = "$(TARGET_NAME)";
				SWIFT_VERSION = 3.0;
				TEST_TARGET_NAME = Project39;
			};
			name = Debug;
		};
		010525831E70D9CF00E92C95 /* Release */ = {
			isa = XCBuildConfiguration;
			buildSettings = {
				ALWAYS_EMBED_SWIFT_STANDARD_LIBRARIES = YES;
				DEVELOPMENT_TEAM = DG4WJC99E5;
				INFOPLIST_FILE = Project39UITests/Info.plist;
				LD_RUNPATH_SEARCH_PATHS = "$(inherited) @executable_path/Frameworks @loader_path/Frameworks";
				PRODUCT_BUNDLE_IDENTIFIER = com.melissagarrett.Project39UITests;
				PRODUCT_NAME = "$(TARGET_NAME)";
				SWIFT_VERSION = 3.0;
				TEST_TARGET_NAME = Project39;
			};
			name = Release;
		};
/* End XCBuildConfiguration section */

/* Begin XCConfigurationList section */
		0105254E1E70D9CD00E92C95 /* Build configuration list for PBXProject "Project39" */ = {
			isa = XCConfigurationList;
			buildConfigurations = (
				010525791E70D9CF00E92C95 /* Debug */,
				0105257A1E70D9CF00E92C95 /* Release */,
			);
			defaultConfigurationIsVisible = 0;
			defaultConfigurationName = Release;
		};
		0105257B1E70D9CF00E92C95 /* Build configuration list for PBXNativeTarget "Project39" */ = {
			isa = XCConfigurationList;
			buildConfigurations = (
				0105257C1E70D9CF00E92C95 /* Debug */,
				0105257D1E70D9CF00E92C95 /* Release */,
			);
			defaultConfigurationIsVisible = 0;
		};
		0105257E1E70D9CF00E92C95 /* Build configuration list for PBXNativeTarget "Project39Tests" */ = {
			isa = XCConfigurationList;
			buildConfigurations = (
				0105257F1E70D9CF00E92C95 /* Debug */,
				010525801E70D9CF00E92C95 /* Release */,
			);
			defaultConfigurationIsVisible = 0;
		};
		010525811E70D9CF00E92C95 /* Build configuration list for PBXNativeTarget "Project39UITests" */ = {
			isa = XCConfigurationList;
			buildConfigurations = (
				010525821E70D9CF00E92C95 /* Debug */,
				010525831E70D9CF00E92C95 /* Release */,
			);
			defaultConfigurationIsVisible = 0;
		};
/* End XCConfigurationList section */
	};
	rootObject = 0105254B1E70D9CD00E92C95 /* Project object */;
}
